Microsoft Visual Studio Solution File, Format Version 10.00
# Visual Studio 2008
Project("{FAE04EC0-301F-11D3-BF4B-00C04F79EFBC}") = "VsTemplate.Web", "VsTemplate.Web\VsTemplate.Web.csproj", "{A7278599-C58B-4221-8E25-6AF60B87A871}"
EndProject
Project("{FAE04EC0-301F-11D3-BF4B-00C04F79EFBC}") = "VsTemplate.Core", "VsTemplate.Core\VsTemplate.Core.csproj", "{0F8F7B4C-0DD4-45C7-8EDD-1E59AE0B4531}"
EndProject
Project("{2150E333-8FDC-42A3-9474-1A3956D46DE8}") = "Libs", "Libs", "{FD84DF89-FDEF-4C07-AE2E-33BE5211670B}"
	ProjectSection(SolutionItems) = preProject
		Libs\FubuMVC.Container.StructureMap.dll = Libs\FubuMVC.Container.StructureMap.dll
		Libs\FubuMVC.Core.dll = Libs\FubuMVC.Core.dll
		Libs\Microsoft.Practices.ServiceLocation.dll = Libs\Microsoft.Practices.ServiceLocation.dll
		Libs\StructureMap.dll = Libs\StructureMap.dll
	EndProjectSection
EndProject
Global
	GlobalSection(SolutionConfigurationPlatforms) = preSolution
		Debug|Any CPU = Debug|Any CPU
		Release|Any CPU = Release|Any CPU
	EndGlobalSection
	GlobalSection(ProjectConfigurationPlatforms) = postSolution
		{A7278599-C58B-4221-8E25-6AF60B87A871}.Debug|Any CPU.ActiveCfg = Debug|Any CPU
		{A7278599-C58B-4221-8E25-6AF60B87A871}.Debug|Any CPU.Build.0 = Debug|Any CPU
		{A7278599-C58B-4221-8E25-6AF60B87A871}.Release|Any CPU.ActiveCfg = Release|Any CPU
		{A7278599-C58B-4221-8E25-6AF60B87A871}.Release|Any CPU.Build.0 = Release|Any CPU
		{0F8F7B4C-0DD4-45C7-8EDD-1E59AE0B4531}.Debug|Any CPU.ActiveCfg = Debug|Any CPU
		{0F8F7B4C-0DD4-45C7-8EDD-1E59AE0B4531}.Debug|Any CPU.Build.0 = Debug|Any CPU
		{0F8F7B4C-0DD4-45C7-8EDD-1E59AE0B4531}.Release|Any CPU.ActiveCfg = Release|Any CPU
		{0F8F7B4C-0DD4-45C7-8EDD-1E59AE0B4531}.Release|Any CPU.Build.0 = Release|Any CPU
	EndGlobalSection
	GlobalSection(SolutionProperties) = preSolution
		HideSolutionNode = FALSE
	EndGlobalSection
EndGlobal
